
Microsoft Visual Studio Solution File, Format Version 12.00
# Visual Studio Version 16
VisualStudioVersion = 16.0.28803.452
MinimumVisualStudioVersion = 10.0.40219.1
Project("{FAE04EC0-301F-11D3-BF4B-00C04F79EFBC}") = "CodesTest", "CodesTest\CodesTest.csproj", "{40937C24-7595-4F16-8DB0-F42CF1CFD406}"
EndProject
Global
	GlobalSection(SolutionConfigurationPlatforms) = preSolution
		Debug|Any CPU = Debug|Any CPU
		Release|Any CPU = Release|Any CPU
	EndGlobalSection
	GlobalSection(ProjectConfigurationPlatforms) = postSolution
		{40937C24-7595-4F16-8DB0-F42CF1CFD406}.Debug|Any CPU.ActiveCfg = Debug|Any CPU
		{40937C24-7595-4F16-8DB0-F42CF1CFD406}.Debug|Any CPU.Build.0 = Debug|Any CPU
		{40937C24-7595-4F16-8DB0-F42CF1CFD406}.Release|Any CPU.ActiveCfg = Release|Any CPU
		{40937C24-7595-4F16-8DB0-F42CF1CFD406}.Release|Any CPU.Build.0 = Release|Any CPU
	EndGlobalSection
	GlobalSection(SolutionProperties) = preSolution
		HideSolutionNode = FALSE
	EndGlobalSection
	GlobalSection(ExtensibilityGlobals) = postSolution
		SolutionGuid = {54CB2A94-9149-4F15-8F9C-AE0D2F890A6F}
	EndGlobalSection
EndGlobal
